
Microsoft Visual Studio Solution File, Format Version 12.00
Project("{FAE04EC0-301F-11D3-BF4B-00C04F79EFBC}") = "ParkingLotDemo", "ParkingLotDemo\ParkingLotDemo.csproj", "{9C0FCA2D-2511-40EC-A823-EDC34E9481B0}"
EndProject
Project("{FAE04EC0-301F-11D3-BF4B-00C04F79EFBC}") = "ParkingLotDemoTest", "ParkingLotDemoTest\ParkingLotDemoTest.csproj", "{D8806E26-9410-4D8C-9E01-C475ACDBC8FA}"
EndProject
Global
	GlobalSection(SolutionConfigurationPlatforms) = preSolution
		Debug|Any CPU = Debug|Any CPU
		Release|Any CPU = Release|Any CPU
	EndGlobalSection
	GlobalSection(ProjectConfigurationPlatforms) = postSolution
		{9C0FCA2D-2511-40EC-A823-EDC34E9481B0}.Debug|Any CPU.ActiveCfg = Debug|Any CPU
		{9C0FCA2D-2511-40EC-A823-EDC34E9481B0}.Debug|Any CPU.Build.0 = Debug|Any CPU
		{9C0FCA2D-2511-40EC-A823-EDC34E9481B0}.Release|Any CPU.ActiveCfg = Release|Any CPU
		{9C0FCA2D-2511-40EC-A823-EDC34E9481B0}.Release|Any CPU.Build.0 = Release|Any CPU
		{D8806E26-9410-4D8C-9E01-C475ACDBC8FA}.Debug|Any CPU.ActiveCfg = Debug|Any CPU
		{D8806E26-9410-4D8C-9E01-C475ACDBC8FA}.Debug|Any CPU.Build.0 = Debug|Any CPU
		{D8806E26-9410-4D8C-9E01-C475ACDBC8FA}.Release|Any CPU.ActiveCfg = Release|Any CPU
		{D8806E26-9410-4D8C-9E01-C475ACDBC8FA}.Release|Any CPU.Build.0 = Release|Any CPU
	EndGlobalSection
EndGlobal
